// !$*UTF8*$!
{
	archiveVersion = 1;
	classes = {
	};
	objectVersion = 46;
	objects = {

/* Begin PBXBuildFile section */
		25317B4A1A41286D00C57423 /* snow.jpeg in Resources */ = {isa = PBXBuildFile; fileRef = 25317B471A41286D00C57423 /* snow.jpeg */; };
		25317B4B1A41286D00C57423 /* sky.jpeg in Resources */ = {isa = PBXBuildFile; fileRef = 25317B481A41286D00C57423 /* sky.jpeg */; };
		25317B4D1A4128C500C57423 /* sea.jpg in Resources */ = {isa = PBXBuildFile; fileRef = 25317B4C1A4128C500C57423 /* sea.jpg */; };
		25317B501A41CCE800C57423 /* 2.jpg in Resources */ = {isa = PBXBuildFile; fileRef = 25317B4E1A41CCE800C57423 /* 2.jpg */; };
		25317B511A41CCE800C57423 /* 1.jpg in Resources */ = {isa = PBXBuildFile; fileRef = 25317B4F1A41CCE800C57423 /* 1.jpg */; };
		2543341F1A0B342700407946 /* righteye.png in Resources */ = {isa = PBXBuildFile; fileRef = 2543341D1A0B342700407946 /* righteye.png */; };
		254334201A0B342700407946 /* lefteye.png in Resources */ = {isa = PBXBuildFile; fileRef = 2543341E1A0B342700407946 /* lefteye.png */; };
		254334241A0E834100407946 /* mouth.png in Resources */ = {isa = PBXBuildFile; fileRef = 254334231A0E834100407946 /* mouth.png */; };
		254334261A0E860A00407946 /* no-smile.png in Resources */ = {isa = PBXBuildFile; fileRef = 254334251A0E860A00407946 /* no-smile.png */; };
		257538CE1A0042F5000EF6C3 /* main.m in Sources */ = {isa = PBXBuildFile; fileRef = 257538CD1A0042F5000EF6C3 /* main.m */; };
		257538D11A0042F5000EF6C3 /* AppDelegate.m in Sources */ = {isa = PBXBuildFile; fileRef = 257538D01A0042F5000EF6C3 /* AppDelegate.m */; };
		257538D41A0042F5000EF6C3 /* faceRecognition.xcdatamodeld in Sources */ = {isa = PBXBuildFile; fileRef = 257538D21A0042F5000EF6C3 /* faceRecognition.xcdatamodeld */; };
		257538D71A0042F5000EF6C3 /* ViewController.m in Sources */ = {isa = PBXBuildFile; fileRef = 257538D61A0042F5000EF6C3 /* ViewController.m */; };
		257538DA1A0042F5000EF6C3 /* Main.storyboard in Resources */ = {isa = PBXBuildFile; fileRef = 257538D81A0042F5000EF6C3 /* Main.storyboard */; };
		257538DC1A0042F5000EF6C3 /* Images.xcassets in Resources */ = {isa = PBXBuildFile; fileRef = 257538DB1A0042F5000EF6C3 /* Images.xcassets */; };
		257538E81A0042F5000EF6C3 /* faceRecognitionTests.m in Sources */ = {isa = PBXBuildFile; fileRef = 257538E71A0042F5000EF6C3 /* faceRecognitionTests.m */; };
		257538F21A004379000EF6C3 /* JixianMaColor.jpg in Resources */ = {isa = PBXBuildFile; fileRef = 257538F11A004379000EF6C3 /* JixianMaColor.jpg */; };
		2581EE1C1A3943E20056C402 /* win_1.png in Resources */ = {isa = PBXBuildFile; fileRef = 2581EE0C1A3943E20056C402 /* win_1.png */; };
		2581EE1D1A3943E20056C402 /* win_2.png in Resources */ = {isa = PBXBuildFile; fileRef = 2581EE0D1A3943E20056C402 /* win_2.png */; };
		2581EE1E1A3943E20056C402 /* win_3.png in Resources */ = {isa = PBXBuildFile; fileRef = 2581EE0E1A3943E20056C402 /* win_3.png */; };
		2581EE1F1A3943E20056C402 /* win_4.png in Resources */ = {isa = PBXBuildFile; fileRef = 2581EE0F1A3943E20056C402 /* win_4.png */; };
		2581EE201A3943E20056C402 /* win_5.png in Resources */ = {isa = PBXBuildFile; fileRef = 2581EE101A3943E20056C402 /* win_5.png */; };
		2581EE211A3943E20056C402 /* win_6.png in Resources */ = {isa = PBXBuildFile; fileRef = 2581EE111A3943E20056C402 /* win_6.png */; };
		2581EE221A3943E20056C402 /* win_7.png in Resources */ = {isa = PBXBuildFile; fileRef = 2581EE121A3943E20056C402 /* win_7.png */; };
		2581EE231A3943E20056C402 /* win_8.png in Resources */ = {isa = PBXBuildFile; fileRef = 2581EE131A3943E20056C402 /* win_8.png */; };
		2581EE241A3943E20056C402 /* win_9.png in Resources */ = {isa = PBXBuildFile; fileRef = 2581EE141A3943E20056C402 /* win_9.png */; };
		2581EE251A3943E20056C402 /* win_10.png in Resources */ = {isa = PBXBuildFile; fileRef = 2581EE151A3943E20056C402 /* win_10.png */; };
		2581EE261A3943E20056C402 /* win_11.png in Resources */ = {isa = PBXBuildFile; fileRef = 2581EE161A3943E20056C402 /* win_11.png */; };
		2581EE271A3943E20056C402 /* win_12.png in Resources */ = {isa = PBXBuildFile; fileRef = 2581EE171A3943E20056C402 /* win_12.png */; };
		2581EE281A3943E20056C402 /* win_13.png in Resources */ = {isa = PBXBuildFile; fileRef = 2581EE181A3943E20056C402 /* win_13.png */; };
		2581EE291A3943E20056C402 /* win_14.png in Resources */ = {isa = PBXBuildFile; fileRef = 2581EE191A3943E20056C402 /* win_14.png */; };
		2581EE2A1A3943E20056C402 /* win_15.png in Resources */ = {isa = PBXBuildFile; fileRef = 2581EE1A1A3943E20056C402 /* win_15.png */; };
		2581EE2B1A3943E20056C402 /* win_16.png in Resources */ = {isa = PBXBuildFile; fileRef = 2581EE1B1A3943E20056C402 /* win_16.png */; };
		25C6F23F1A0064C100F93748 /* CoreImage.framework in Frameworks */ = {isa = PBXBuildFile; fileRef = 25C6F23E1A0064C100F93748 /* CoreImage.framework */; };
		25C6F2411A006BC400F93748 /* ImageIO.framework in Frameworks */ = {isa = PBXBuildFile; fileRef = 25C6F2401A006BC400F93748 /* ImageIO.framework */; };
		25C6F2431A01933600F93748 /* CoreVideo.framework in Frameworks */ = {isa = PBXBuildFile; fileRef = 25C6F2421A01933600F93748 /* CoreVideo.framework */; };
		25C6F2451A01933C00F93748 /* CoreMedia.framework in Frameworks */ = {isa = PBXBuildFile; fileRef = 25C6F2441A01933C00F93748 /* CoreMedia.framework */; };
		25C6F2471A01934200F93748 /* AVFoundation.framework in Frameworks */ = {isa = PBXBuildFile; fileRef = 25C6F2461A01934200F93748 /* AVFoundation.framework */; };
		25C6F2491A01934900F93748 /* QuartzCore.framework in Frameworks */ = {isa = PBXBuildFile; fileRef = 25C6F2481A01934900F93748 /* QuartzCore.framework */; };
		25C6F24B1A01935B00F93748 /* UIKit.framework in Frameworks */ = {isa = PBXBuildFile; fileRef = 25C6F24A1A01935B00F93748 /* UIKit.framework */; };
		25C6F24D1A01936100F93748 /* CoreGraphics.framework in Frameworks */ = {isa = PBXBuildFile; fileRef = 25C6F24C1A01936100F93748 /* CoreGraphics.framework */; };
		25C6F2501A085ABA00F93748 /* faceDetector.m in Sources */ = {isa = PBXBuildFile; fileRef = 25C6F24F1A085ABA00F93748 /* faceDetector.m */; };
/* End PBXBuildFile section */

/* Begin PBXContainerItemProxy section */
		257538E21A0042F5000EF6C3 /* PBXContainerItemProxy */ = {
			isa = PBXContainerItemProxy;
			containerPortal = 257538C01A0042F5000EF6C3 /* Project object */;
			proxyType = 1;
			remoteGlobalIDString = 257538C71A0042F5000EF6C3;
			remoteInfo = faceRecognition;
		};
/* End PBXContainerItemProxy section */

/* Begin PBXFileReference section */
		25317B471A41286D00C57423 /* snow.jpeg */ = {isa = PBXFileReference; lastKnownFileType = image.jpeg; path = snow.jpeg; sourceTree = "<group>"; };
		25317B481A41286D00C57423 /* sky.jpeg */ = {isa = PBXFileReference; lastKnownFileType = image.jpeg; path = sky.jpeg; sourceTree = "<group>"; };
		25317B4C1A4128C500C57423 /* sea.jpg */ = {isa = PBXFileReference; lastKnownFileType = image.jpeg; path = sea.jpg; sourceTree = "<group>"; };
		25317B4E1A41CCE800C57423 /* 2.jpg */ = {isa = PBXFileReference; lastKnownFileType = image.jpeg; path = 2.jpg; sourceTree = "<group>"; };
		25317B4F1A41CCE800C57423 /* 1.jpg */ = {isa = PBXFileReference; lastKnownFileType = image.jpeg; path = 1.jpg; sourceTree = "<group>"; };
		2543341D1A0B342700407946 /* righteye.png */ = {isa = PBXFileReference; lastKnownFileType = image.png; path = righteye.png; sourceTree = "<group>"; };
		2543341E1A0B342700407946 /* lefteye.png */ = {isa = PBXFileReference; lastKnownFileType = image.png; path = lefteye.png; sourceTree = "<group>"; };
		254334231A0E834100407946 /* mouth.png */ = {isa = PBXFileReference; lastKnownFileType = image.png; path = mouth.png; sourceTree = "<group>"; };
		254334251A0E860A00407946 /* no-smile.png */ = {isa = PBXFileReference; lastKnownFileType = image.png; path = "no-smile.png"; sourceTree = "<group>"; };
		257538C81A0042F5000EF6C3 /* faceRecognition.app */ = {isa = PBXFileReference; explicitFileType = wrapper.application; includeInIndex = 0; path = faceRecognition.app; sourceTree = BUILT_PRODUCTS_DIR; };
		257538CC1A0042F5000EF6C3 /* Info.plist */ = {isa = PBXFileReference; lastKnownFileType = text.plist.xml; path = Info.plist; sourceTree = "<group>"; };
		257538CD1A0042F5000EF6C3 /* main.m */ = {isa = PBXFileReference; lastKnownFileType = sourcecode.c.objc; path = main.m; sourceTree = "<group>"; };
		257538CF1A0042F5000EF6C3 /* AppDelegate.h */ = {isa = PBXFileReference; lastKnownFileType = sourcecode.c.h; path = AppDelegate.h; sourceTree = "<group>"; };
		257538D01A0042F5000EF6C3 /* AppDelegate.m */ = {isa = PBXFileReference; lastKnownFileType = sourcecode.c.objc; path = AppDelegate.m; sourceTree = "<group>"; };
		257538D31A0042F5000EF6C3 /* faceRecognition.xcdatamodel */ = {isa = PBXFileReference; lastKnownFileType = wrapper.xcdatamodel; path = faceRecognition.xcdatamodel; sourceTree = "<group>"; };
		257538D51A0042F5000EF6C3 /* ViewController.h */ = {isa = PBXFileReference; lastKnownFileType = sourcecode.c.h; path = ViewController.h; sourceTree = "<group>"; };
		257538D61A0042F5000EF6C3 /* ViewController.m */ = {isa = PBXFileReference; lastKnownFileType = sourcecode.c.objc; path = ViewController.m; sourceTree = "<group>"; };
		257538D91A0042F5000EF6C3 /* Base */ = {isa = PBXFileReference; lastKnownFileType = file.storyboard; name = Base; path = Base.lproj/Main.storyboard; sourceTree = "<group>"; };
		257538DB1A0042F5000EF6C3 /* Images.xcassets */ = {isa = PBXFileReference; lastKnownFileType = folder.assetcatalog; path = Images.xcassets; sourceTree = "<group>"; };
		257538E11A0042F5000EF6C3 /* faceRecognitionTests.xctest */ = {isa = PBXFileReference; explicitFileType = wrapper.cfbundle; includeInIndex = 0; path = faceRecognitionTests.xctest; sourceTree = BUILT_PRODUCTS_DIR; };
		257538E61A0042F5000EF6C3 /* Info.plist */ = {isa = PBXFileReference; lastKnownFileType = text.plist.xml; path = Info.plist; sourceTree = "<group>"; };
		257538E71A0042F5000EF6C3 /* faceRecognitionTests.m */ = {isa = PBXFileReference; lastKnownFileType = sourcecode.c.objc; path = faceRecognitionTests.m; sourceTree = "<group>"; };
		257538F11A004379000EF6C3 /* JixianMaColor.jpg */ = {isa = PBXFileReference; lastKnownFileType = image.jpeg; path = JixianMaColor.jpg; sourceTree = "<group>"; };
		2581EE0C1A3943E20056C402 /* win_1.png */ = {isa = PBXFileReference; lastKnownFileType = image.png; path = win_1.png; sourceTree = "<group>"; };
		2581EE0D1A3943E20056C402 /* win_2.png */ = {isa = PBXFileReference; lastKnownFileType = image.png; path = win_2.png; sourceTree = "<group>"; };
		2581EE0E1A3943E20056C402 /* win_3.png */ = {isa = PBXFileReference; lastKnownFileType = image.png; path = win_3.png; sourceTree = "<group>"; };
		2581EE0F1A3943E20056C402 /* win_4.png */ = {isa = PBXFileReference; lastKnownFileType = image.png; path = win_4.png; sourceTree = "<group>"; };
		2581EE101A3943E20056C402 /* win_5.png */ = {isa = PBXFileReference; lastKnownFileType = image.png; path = win_5.png; sourceTree = "<group>"; };
		2581EE111A3943E20056C402 /* win_6.png */ = {isa = PBXFileReference; lastKnownFileType = image.png; path = win_6.png; sourceTree = "<group>"; };
		2581EE121A3943E20056C402 /* win_7.png */ = {isa = PBXFileReference; lastKnownFileType = image.png; path = win_7.png; sourceTree = "<group>"; };
		2581EE131A3943E20056C402 /* win_8.png */ = {isa = PBXFileReference; lastKnownFileType = image.png; path = win_8.png; sourceTree = "<group>"; };
		2581EE141A3943E20056C402 /* win_9.png */ = {isa = PBXFileReference; lastKnownFileType = image.png; path = win_9.png; sourceTree = "<group>"; };
		2581EE151A3943E20056C402 /* win_10.png */ = {isa = PBXFileReference; lastKnownFileType = image.png; path = win_10.png; sourceTree = "<group>"; };
		2581EE161A3943E20056C402 /* win_11.png */ = {isa = PBXFileReference; lastKnownFileType = image.png; path = win_11.png; sourceTree = "<group>"; };
		2581EE171A3943E20056C402 /* win_12.png */ = {isa = PBXFileReference; lastKnownFileType = image.png; path = win_12.png; sourceTree = "<group>"; };
		2581EE181A3943E20056C402 /* win_13.png */ = {isa = PBXFileReference; lastKnownFileType = image.png; path = win_13.png; sourceTree = "<group>"; };
		2581EE191A3943E20056C402 /* win_14.png */ = {isa = PBXFileReference; lastKnownFileType = image.png; path = win_14.png; sourceTree = "<group>"; };
		2581EE1A1A3943E20056C402 /* win_15.png */ = {isa = PBXFileReference; lastKnownFileType = image.png; path = win_15.png; sourceTree = "<group>"; };
		2581EE1B1A3943E20056C402 /* win_16.png */ = {isa = PBXFileReference; lastKnownFileType = image.png; path = win_16.png; sourceTree = "<group>"; };
		25C6F23E1A0064C100F93748 /* CoreImage.framework */ = {isa = PBXFileReference; lastKnownFileType = wrapper.framework; name = CoreImage.framework; path = System/Library/Frameworks/CoreImage.framework; sourceTree = SDKROOT; };
		25C6F2401A006BC400F93748 /* ImageIO.framework */ = {isa = PBXFileReference; lastKnownFileType = wrapper.framework; name = ImageIO.framework; path = System/Library/Frameworks/ImageIO.framework; sourceTree = SDKROOT; };
		25C6F2421A01933600F93748 /* CoreVideo.framework */ = {isa = PBXFileReference; lastKnownFileType = wrapper.framework; name = CoreVideo.framework; path = System/Library/Frameworks/CoreVideo.framework; sourceTree = SDKROOT; };
		25C6F2441A01933C00F93748 /* CoreMedia.framework */ = {isa = PBXFileReference; lastKnownFileType = wrapper.framework; name = CoreMedia.framework; path = System/Library/Frameworks/CoreMedia.framework; sourceTree = SDKROOT; };
		25C6F2461A01934200F93748 /* AVFoundation.framework */ = {isa = PBXFileReference; lastKnownFileType = wrapper.framework; name = AVFoundation.framework; path = System/Library/Frameworks/AVFoundation.framework; sourceTree = SDKROOT; };
		25C6F2481A01934900F93748 /* QuartzCore.framework */ = {isa = PBXFileReference; lastKnownFileType = wrapper.framework; name = QuartzCore.framework; path = System/Library/Frameworks/QuartzCore.framework; sourceTree = SDKROOT; };
		25C6F24A1A01935B00F93748 /* UIKit.framework */ = {isa = PBXFileReference; lastKnownFileType = wrapper.framework; name = UIKit.framework; path = System/Library/Frameworks/UIKit.framework; sourceTree = SDKROOT; };
		25C6F24C1A01936100F93748 /* CoreGraphics.framework */ = {isa = PBXFileReference; lastKnownFileType = wrapper.framework; name = CoreGraphics.framework; path = System/Library/Frameworks/CoreGraphics.framework; sourceTree = SDKROOT; };
		25C6F24E1A085ABA00F93748 /* faceDetector.h */ = {isa = PBXFileReference; fileEncoding = 4; lastKnownFileType = sourcecode.c.h; path = faceDetector.h; sourceTree = "<group>"; };
		25C6F24F1A085ABA00F93748 /* faceDetector.m */ = {isa = PBXFileReference; fileEncoding = 4; lastKnownFileType = sourcecode.c.objc; path = faceDetector.m; sourceTree = "<group>"; };
/* End PBXFileReference section */

/* Begin PBXFrameworksBuildPhase section */
		257538C51A0042F5000EF6C3 /* Frameworks */ = {
			isa = PBXFrameworksBuildPhase;
			buildActionMask = 2147483647;
			files = (
				25C6F24D1A01936100F93748 /* CoreGraphics.framework in Frameworks */,
				25C6F24B1A01935B00F93748 /* UIKit.framework in Frameworks */,
				25C6F2491A01934900F93748 /* QuartzCore.framework in Frameworks */,
				25C6F2471A01934200F93748 /* AVFoundation.framework in Frameworks */,
				25C6F2451A01933C00F93748 /* CoreMedia.framework in Frameworks */,
				25C6F2431A01933600F93748 /* CoreVideo.framework in Frameworks */,
				25C6F2411A006BC400F93748 /* ImageIO.framework in Frameworks */,
				25C6F23F1A0064C100F93748 /* CoreImage.framework in Frameworks */,
			);
			runOnlyForDeploymentPostprocessing = 0;
		};
		257538DE1A0042F5000EF6C3 /* Frameworks */ = {
			isa = PBXFrameworksBuildPhase;
			buildActionMask = 2147483647;
			files = (
			);
			runOnlyForDeploymentPostprocessing = 0;
		};
/* End PBXFrameworksBuildPhase section */

/* Begin PBXGroup section */
		257538BF1A0042F5000EF6C3 = {
			isa = PBXGroup;
			children = (
				25C6F24C1A01936100F93748 /* CoreGraphics.framework */,
				25C6F24A1A01935B00F93748 /* UIKit.framework */,
				25C6F2481A01934900F93748 /* QuartzCore.framework */,
				25C6F2461A01934200F93748 /* AVFoundation.framework */,
				25C6F2441A01933C00F93748 /* CoreMedia.framework */,
				25C6F2421A01933600F93748 /* CoreVideo.framework */,
				25C6F2401A006BC400F93748 /* ImageIO.framework */,
				25C6F23E1A0064C100F93748 /* CoreImage.framework */,
				257538CA1A0042F5000EF6C3 /* faceRecognition */,
				257538E41A0042F5000EF6C3 /* faceRecognitionTests */,
				257538C91A0042F5000EF6C3 /* Products */,
			);
			sourceTree = "<group>";
		};
		257538C91A0042F5000EF6C3 /* Products */ = {
			isa = PBXGroup;
			children = (
				257538C81A0042F5000EF6C3 /* faceRecognition.app */,
				257538E11A0042F5000EF6C3 /* faceRecognitionTests.xctest */,
			);
			name = Products;
			sourceTree = "<group>";
		};
		257538CA1A0042F5000EF6C3 /* faceRecognition */ = {
			isa = PBXGroup;
			children = (
				25317B4E1A41CCE800C57423 /* 2.jpg */,
				25317B4F1A41CCE800C57423 /* 1.jpg */,
				2581EE0C1A3943E20056C402 /* win_1.png */,
				2581EE0D1A3943E20056C402 /* win_2.png */,
				2581EE0E1A3943E20056C402 /* win_3.png */,
				2581EE0F1A3943E20056C402 /* win_4.png */,
				2581EE101A3943E20056C402 /* win_5.png */,
				2581EE111A3943E20056C402 /* win_6.png */,
				25317B4C1A4128C500C57423 /* sea.jpg */,
				25317B471A41286D00C57423 /* snow.jpeg */,
				25317B481A41286D00C57423 /* sky.jpeg */,
				2581EE121A3943E20056C402 /* win_7.png */,
				2581EE131A3943E20056C402 /* win_8.png */,
				2581EE141A3943E20056C402 /* win_9.png */,
				2581EE151A3943E20056C402 /* win_10.png */,
				2581EE161A3943E20056C402 /* win_11.png */,
				2581EE171A3943E20056C402 /* win_12.png */,
				257538F11A004379000EF6C3 /* JixianMaColor.jpg */,
				2581EE181A3943E20056C402 /* win_13.png */,
				2581EE191A3943E20056C402 /* win_14.png */,
				2581EE1A1A3943E20056C402 /* win_15.png */,
				2581EE1B1A3943E20056C402 /* win_16.png */,
				254334231A0E834100407946 /* mouth.png */,
				2543341D1A0B342700407946 /* righteye.png */,
				2543341E1A0B342700407946 /* lefteye.png */,
				254334251A0E860A00407946 /* no-smile.png */,
				25C6F24E1A085ABA00F93748 /* faceDetector.h */,
				25C6F24F1A085ABA00F93748 /* faceDetector.m */,
				257538CF1A0042F5000EF6C3 /* AppDelegate.h */,
				257538D01A0042F5000EF6C3 /* AppDelegate.m */,
				257538D51A0042F5000EF6C3 /* ViewController.h */,
				257538D61A0042F5000EF6C3 /* ViewController.m */,
				257538D81A0042F5000EF6C3 /* Main.storyboard */,
				257538DB1A0042F5000EF6C3 /* Images.xcassets */,
				257538D21A0042F5000EF6C3 /* faceRecognition.xcdatamodeld */,
				257538CB1A0042F5000EF6C3 /* Supporting Files */,
			);
			path = faceRecognition;
			sourceTree = "<group>";
		};
		257538CB1A0042F5000EF6C3 /* Supporting Files */ = {
			isa = PBXGroup;
			children = (
				257538CC1A0042F5000EF6C3 /* Info.plist */,
				257538CD1A0042F5000EF6C3 /* main.m */,
			);
			name = "Supporting Files";
			sourceTree = "<group>";
		};
		257538E41A0042F5000EF6C3 /* faceRecognitionTests */ = {
			isa = PBXGroup;
			children = (
				257538E71A0042F5000EF6C3 /* faceRecognitionTests.m */,
				257538E51A0042F5000EF6C3 /* Supporting Files */,
			);
			path = faceRecognitionTests;
			sourceTree = "<group>";
		};
		257538E51A0042F5000EF6C3 /* Supporting Files */ = {
			isa = PBXGroup;
			children = (
				257538E61A0042F5000EF6C3 /* Info.plist */,
			);
			name = "Supporting Files";
			sourceTree = "<group>";
		};
/* End PBXGroup section */

/* Begin PBXNativeTarget section */
		257538C71A0042F5000EF6C3 /* faceRecognition */ = {
			isa = PBXNativeTarget;
			buildConfigurationList = 257538EB1A0042F5000EF6C3 /* Build configuration list for PBXNativeTarget "faceRecognition" */;
			buildPhases = (
				257538C41A0042F5000EF6C3 /* Sources */,
				257538C51A0042F5000EF6C3 /* Frameworks */,
				257538C61A0042F5000EF6C3 /* Resources */,
			);
			buildRules = (
			);
			dependencies = (
			);
			name = faceRecognition;
			productName = faceRecognition;
			productReference = 257538C81A0042F5000EF6C3 /* faceRecognition.app */;
			productType = "com.apple.product-type.application";
		};
		257538E01A0042F5000EF6C3 /* faceRecognitionTests */ = {
			isa = PBXNativeTarget;
			buildConfigurationList = 257538EE1A0042F5000EF6C3 /* Build configuration list for PBXNativeTarget "faceRecognitionTests" */;
			buildPhases = (
				257538DD1A0042F5000EF6C3 /* Sources */,
				257538DE1A0042F5000EF6C3 /* Frameworks */,
				257538DF1A0042F5000EF6C3 /* Resources */,
			);
			buildRules = (
			);
			dependencies = (
				257538E31A0042F5000EF6C3 /* PBXTargetDependency */,
			);
			name = faceRecognitionTests;
			productName = faceRecognitionTests;
			productReference = 257538E11A0042F5000EF6C3 /* faceRecognitionTests.xctest */;
			productType = "com.apple.product-type.bundle.unit-test";
		};
/* End PBXNativeTarget section */

/* Begin PBXProject section */
		257538C01A0042F5000EF6C3 /* Project object */ = {
			isa = PBXProject;
			attributes = {
				LastUpgradeCheck = 0600;
				ORGANIZATIONNAME = MaJixian;
				TargetAttributes = {
					257538C71A0042F5000EF6C3 = {
						CreatedOnToolsVersion = 6.0;
					};
					257538E01A0042F5000EF6C3 = {
						CreatedOnToolsVersion = 6.0;
						TestTargetID = 257538C71A0042F5000EF6C3;
					};
				};
			};
			buildConfigurationList = 257538C31A0042F5000EF6C3 /* Build configuration list for PBXProject "faceRecognition" */;
			compatibilityVersion = "Xcode 3.2";
			developmentRegion = English;
			hasScannedForEncodings = 0;
			knownRegions = (
				en,
				Base,
			);
			mainGroup = 257538BF1A0042F5000EF6C3;
			productRefGroup = 257538C91A0042F5000EF6C3 /* Products */;
			projectDirPath = "";
			projectRoot = "";
			targets = (
				257538C71A0042F5000EF6C3 /* faceRecognition */,
				257538E01A0042F5000EF6C3 /* faceRecognitionTests */,
			);
		};
/* End PBXProject section */

/* Begin PBXResourcesBuildPhase section */
		257538C61A0042F5000EF6C3 /* Resources */ = {
			isa = PBXResourcesBuildPhase;
			buildActionMask = 2147483647;
			files = (
				2581EE271A3943E20056C402 /* win_12.png in Resources */,
				254334201A0B342700407946 /* lefteye.png in Resources */,
				2581EE281A3943E20056C402 /* win_13.png in Resources */,
				2543341F1A0B342700407946 /* righteye.png in Resources */,
				2581EE241A3943E20056C402 /* win_9.png in Resources */,
				2581EE221A3943E20056C402 /* win_7.png in Resources */,
				2581EE251A3943E20056C402 /* win_10.png in Resources */,
				25317B4D1A4128C500C57423 /* sea.jpg in Resources */,
				2581EE1C1A3943E20056C402 /* win_1.png in Resources */,
				2581EE2B1A3943E20056C402 /* win_16.png in Resources */,
				2581EE231A3943E20056C402 /* win_8.png in Resources */,
				257538F21A004379000EF6C3 /* JixianMaColor.jpg in Resources */,
				25317B501A41CCE800C57423 /* 2.jpg in Resources */,
				25317B511A41CCE800C57423 /* 1.jpg in Resources */,
				2581EE1E1A3943E20056C402 /* win_3.png in Resources */,
				2581EE291A3943E20056C402 /* win_14.png in Resources */,
				2581EE1F1A3943E20056C402 /* win_4.png in Resources */,
				2581EE1D1A3943E20056C402 /* win_2.png in Resources */,
				257538DA1A0042F5000EF6C3 /* Main.storyboard in Resources */,
				25317B4B1A41286D00C57423 /* sky.jpeg in Resources */,
				254334261A0E860A00407946 /* no-smile.png in Resources */,
				2581EE2A1A3943E20056C402 /* win_15.png in Resources */,
				257538DC1A0042F5000EF6C3 /* Images.xcassets in Resources */,
				2581EE261A3943E20056C402 /* win_11.png in Resources */,
				2581EE201A3943E20056C402 /* win_5.png in Resources */,
				254334241A0E834100407946 /* mouth.png in Resources */,
				25317B4A1A41286D00C57423 /* snow.jpeg in Resources */,
				2581EE211A3943E20056C402 /* win_6.png in Resources */,
			);
			runOnlyForDeploymentPostprocessing = 0;
		};
		257538DF1A0042F5000EF6C3 /* Resources */ = {
			isa = PBXResourcesBuildPhase;
			buildActionMask = 2147483647;
			files = (
			);
			runOnlyForDeploymentPostprocessing = 0;
		};
/* End PBXResourcesBuildPhase section */

/* Begin PBXSourcesBuildPhase section */
		257538C41A0042F5000EF6C3 /* Sources */ = {
			isa = PBXSourcesBuildPhase;
			buildActionMask = 2147483647;
			files = (
				257538D11A0042F5000EF6C3 /* AppDelegate.m in Sources */,
				257538CE1A0042F5000EF6C3 /* main.m in Sources */,
				257538D71A0042F5000EF6C3 /* ViewController.m in Sources */,
				257538D41A0042F5000EF6C3 /* faceRecognition.xcdatamodeld in Sources */,
				25C6F2501A085ABA00F93748 /* faceDetector.m in Sources */,
			);
			runOnlyForDeploymentPostprocessing = 0;
		};
		257538DD1A0042F5000EF6C3 /* Sources */ = {
			isa = PBXSourcesBuildPhase;
			buildActionMask = 2147483647;
			files = (
				257538E81A0042F5000EF6C3 /* faceRecognitionTests.m in Sources */,
			);
			runOnlyForDeploymentPostprocessing = 0;
		};
/* End PBXSourcesBuildPhase section */

/* Begin PBXTargetDependency section */
		257538E31A0042F5000EF6C3 /* PBXTargetDependency */ = {
			isa = PBXTargetDependency;
			target = 257538C71A0042F5000EF6C3 /* faceRecognition */;
			targetProxy = 257538E21A0042F5000EF6C3 /* PBXContainerItemProxy */;
		};
/* End PBXTargetDependency section */

/* Begin PBXVariantGroup section */
		257538D81A0042F5000EF6C3 /* Main.storyboard */ = {
			isa = PBXVariantGroup;
			children = (
				257538D91A0042F5000EF6C3 /* Base */,
			);
			name = Main.storyboard;
			sourceTree = "<group>";
		};
/* End PBXVariantGroup section */

/* Begin XCBuildConfiguration section */
		257538E91A0042F5000EF6C3 /* Debug */ = {
			isa = XCBuildConfiguration;
			buildSettings = {
				ALWAYS_SEARCH_USER_PATHS = NO;
				CLANG_CXX_LANGUAGE_STANDARD = "gnu++0x";
				CLANG_CXX_LIBRARY = "libc++";
				CLANG_ENABLE_MODULES = YES;
				CLANG_ENABLE_OBJC_ARC = YES;
				CLANG_WARN_BOOL_CONVERSION = YES;
				CLANG_WARN_CONSTANT_CONVERSION = YES;
				CLANG_WARN_DIRECT_OBJC_ISA_USAGE = YES_ERROR;
				CLANG_WARN_EMPTY_BODY = YES;
				CLANG_WARN_ENUM_CONVERSION = YES;
				CLANG_WARN_INT_CONVERSION = YES;
				CLANG_WARN_OBJC_ROOT_CLASS = YES_ERROR;
				CLANG_WARN_UNREACHABLE_CODE = YES;
				CLANG_WARN__DUPLICATE_METHOD_MATCH = YES;
				"CODE_SIGN_IDENTITY[sdk=iphoneos*]" = "iPhone Developer";
				COPY_PHASE_STRIP = NO;
				ENABLE_STRICT_OBJC_MSGSEND = YES;
				GCC_C_LANGUAGE_STANDARD = gnu99;
				GCC_DYNAMIC_NO_PIC = NO;
				GCC_OPTIMIZATION_LEVEL = 0;
				GCC_PREPROCESSOR_DEFINITIONS = (
					"DEBUG=1",
					"$(inherited)",
				);
				GCC_SYMBOLS_PRIVATE_EXTERN = NO;
				GCC_WARN_64_TO_32_BIT_CONVERSION = YES;
				GCC_WARN_ABOUT_RETURN_TYPE = YES_ERROR;
				GCC_WARN_UNDECLARED_SELECTOR = YES;
				GCC_WARN_UNINITIALIZED_AUTOS = YES_AGGRESSIVE;
				GCC_WARN_UNUSED_FUNCTION = YES;
				GCC_WARN_UNUSED_VARIABLE = YES;
				IPHONEOS_DEPLOYMENT_TARGET = 8.0;
				MTL_ENABLE_DEBUG_INFO = YES;
				ONLY_ACTIVE_ARCH = YES;
				SDKROOT = iphoneos;
			};
			name = Debug;
		};
		257538EA1A0042F5000EF6C3 /* Release */ = {
			isa = XCBuildConfiguration;
			buildSettings = {
				ALWAYS_SEARCH_USER_PATHS = NO;
				CLANG_CXX_LANGUAGE_STANDARD = "gnu++0x";
				CLANG_CXX_LIBRARY = "libc++";
				CLANG_ENABLE_MODULES = YES;
				CLANG_ENABLE_OBJC_ARC = YES;
				CLANG_WARN_BOOL_CONVERSION = YES;
				CLANG_WARN_CONSTANT_CONVERSION = YES;
				CLANG_WARN_DIRECT_OBJC_ISA_USAGE = YES_ERROR;
				CLANG_WARN_EMPTY_BODY = YES;
				CLANG_WARN_ENUM_CONVERSION = YES;
				CLANG_WARN_INT_CONVERSION = YES;
				CLANG_WARN_OBJC_ROOT_CLASS = YES_ERROR;
				CLANG_WARN_UNREACHABLE_CODE = YES;
				CLANG_WARN__DUPLICATE_METHOD_MATCH = YES;
				"CODE_SIGN_IDENTITY[sdk=iphoneos*]" = "iPhone Developer";
				COPY_PHASE_STRIP = YES;
				ENABLE_NS_ASSERTIONS = NO;
				ENABLE_STRICT_OBJC_MSGSEND = YES;
				GCC_C_LANGUAGE_STANDARD = gnu99;
				GCC_WARN_64_TO_32_BIT_CONVERSION = YES;
				GCC_WARN_ABOUT_RETURN_TYPE = YES_ERROR;
				GCC_WARN_UNDECLARED_SELECTOR = YES;
				GCC_WARN_UNINITIALIZED_AUTOS = YES_AGGRESSIVE;
				GCC_WARN_UNUSED_FUNCTION = YES;
				GCC_WARN_UNUSED_VARIABLE = YES;
				IPHONEOS_DEPLOYMENT_TARGET = 8.0;
				MTL_ENABLE_DEBUG_INFO = NO;
				SDKROOT = iphoneos;
				VALIDATE_PRODUCT = YES;
			};
			name = Release;
		};
		257538EC1A0042F5000EF6C3 /* Debug */ = {
			isa = XCBuildConfiguration;
			buildSettings = {
				ASSETCATALOG_COMPILER_APPICON_NAME = AppIcon;
				ASSETCATALOG_COMPILER_LAUNCHIMAGE_NAME = LaunchImage;
				INFOPLIST_FILE = faceRecognition/Info.plist;
				IPHONEOS_DEPLOYMENT_TARGET = 7.1;
				LD_RUNPATH_SEARCH_PATHS = "$(inherited) @executable_path/Frameworks";
				PRODUCT_NAME = "$(TARGET_NAME)";
			};
			name = Debug;
		};
		257538ED1A0042F5000EF6C3 /* Release */ = {
			isa = XCBuildConfiguration;
			buildSettings = {
				ASSETCATALOG_COMPILER_APPICON_NAME = AppIcon;
				ASSETCATALOG_COMPILER_LAUNCHIMAGE_NAME = LaunchImage;
				INFOPLIST_FILE = faceRecognition/Info.plist;
				IPHONEOS_DEPLOYMENT_TARGET = 7.1;
				LD_RUNPATH_SEARCH_PATHS = "$(inherited) @executable_path/Frameworks";
				PRODUCT_NAME = "$(TARGET_NAME)";
			};
			name = Release;
		};
		257538EF1A0042F5000EF6C3 /* Debug */ = {
			isa = XCBuildConfiguration;
			buildSettings = {
				BUNDLE_LOADER = "$(TEST_HOST)";
				FRAMEWORK_SEARCH_PATHS = (
					"$(SDKROOT)/Developer/Library/Frameworks",
					"$(inherited)",
				);
				GCC_PREPROCESSOR_DEFINITIONS = (
					"DEBUG=1",
					"$(inherited)",
				);
				INFOPLIST_FILE = faceRecognitionTests/Info.plist;
				LD_RUNPATH_SEARCH_PATHS = "$(inherited) @executable_path/Frameworks @loader_path/Frameworks";
				PRODUCT_NAME = "$(TARGET_NAME)";
				TEST_HOST = "$(BUILT_PRODUCTS_DIR)/faceRecognition.app/faceRecognition";
			};
			name = Debug;
		};
		257538F01A0042F5000EF6C3 /* Release */ = {
			isa = XCBuildConfiguration;
			buildSettings = {
				BUNDLE_LOADER = "$(TEST_HOST)";
				FRAMEWORK_SEARCH_PATHS = (
					"$(SDKROOT)/Developer/Library/Frameworks",
					"$(inherited)",
				);
				INFOPLIST_FILE = faceRecognitionTests/Info.plist;
				LD_RUNPATH_SEARCH_PATHS = "$(inherited) @executable_path/Frameworks @loader_path/Frameworks";
				PRODUCT_NAME = "$(TARGET_NAME)";
				TEST_HOST = "$(BUILT_PRODUCTS_DIR)/faceRecognition.app/faceRecognition";
			};
			name = Release;
		};
/* End XCBuildConfiguration section */

/* Begin XCConfigurationList section */
		257538C31A0042F5000EF6C3 /* Build configuration list for PBXProject "faceRecognition" */ = {
			isa = XCConfigurationList;
			buildConfigurations = (
				257538E91A0042F5000EF6C3 /* Debug */,
				257538EA1A0042F5000EF6C3 /* Release */,
			);
			defaultConfigurationIsVisible = 0;
			defaultConfigurationName = Release;
		};
		257538EB1A0042F5000EF6C3 /* Build configuration list for PBXNativeTarget "faceRecognition" */ = {
			isa = XCConfigurationList;
			buildConfigurations = (
				257538EC1A0042F5000EF6C3 /* Debug */,
				257538ED1A0042F5000EF6C3 /* Release */,
			);
			defaultConfigurationIsVisible = 0;
			defaultConfigurationName = Release;
		};
		257538EE1A0042F5000EF6C3 /* Build configuration list for PBXNativeTarget "faceRecognitionTests" */ = {
			isa = XCConfigurationList;
			buildConfigurations = (
				257538EF1A0042F5000EF6C3 /* Debug */,
				257538F01A0042F5000EF6C3 /* Release */,
			);
			defaultConfigurationIsVisible = 0;
			defaultConfigurationName = Release;
		};
/* End XCConfigurationList section */

/* Begin XCVersionGroup section */
		257538D21A0042F5000EF6C3 /* faceRecognition.xcdatamodeld */ = {
			isa = XCVersionGroup;
			children = (
				257538D31A0042F5000EF6C3 /* faceRecognition.xcdatamodel */,
			);
			currentVersion = 257538D31A0042F5000EF6C3 /* faceRecognition.xcdatamodel */;
			path = faceRecognition.xcdatamodeld;
			sourceTree = "<group>";
			versionGroupType = wrapper.xcdatamodel;
		};
/* End XCVersionGroup section */
	};
	rootObject = 257538C01A0042F5000EF6C3 /* Project object */;
}
